# This file was autogenerated by Stack.
# You should not edit this file by hand.
# For more information, please see the documentation at:
#   https://docs.haskellstack.org/en/stable/lock_files

packages:
- completed:
    cabal-file:
      size: 5720
      sha256: 51545a2592f22d1bf612a2f55ca3af8b0083fb5c620c8996bc6d48f742d1faa1
    name: proto3-suite
    version: 0.4.0.0
    git: git@github.com:awakesecurity/proto3-suite.git
    pantry-tree:
      size: 4272
      sha256: c8dfec249b4db1d4f0e15332153ed539cb10343ae73345d8cdbf1cf09c714cfc
    commit: 3f6dd6f612cf2eba3c05798926ff924b0d5ab4fa
  original:
    git: git@github.com:awakesecurity/proto3-suite.git
    commit: 3f6dd6f612cf2eba3c05798926ff924b0d5ab4fa
- completed:
    cabal-file:
      size: 1928
      sha256: a090fc6b0bb792c69b032e68508d431c93f139d7f1328343db2310ac10f25ab4
    name: proto3-wire
    version: 1.1.0
    git: git@github.com:awakesecurity/proto3-wire.git
    pantry-tree:
      size: 978
      sha256: ec2c40f5a1527c81982ec63919199fcf9c51d73bfce675988d63f906278001ff
    commit: 4f355bbac895d577d8a28f567ab4380f042ccc24
  original:
    git: git@github.com:awakesecurity/proto3-wire.git
    commit: 4f355bbac895d577d8a28f567ab4380f042ccc24
snapshots:
- completed:
    size: 523448
    url: https://raw.githubusercontent.com/commercialhaskell/stackage-snapshots/master/lts/14/1.yaml
    sha256: 0045b9bae36c3bb2dd374c29b586389845af1557eea0423958d152fc500d4fbf
  original: lts-14.1
